
Microsoft Visual Studio Solution File, Format Version 12.00
# Visual Studio Version 17
VisualStudioVersion = 17.11.35327.3
MinimumVisualStudioVersion = 10.0.40219.1
Project("{8BC9CEB8-8B4A-11D0-8D11-00A0C91BC942}") = "GM31_shokika", "GM31_shokika.vcxproj", "{0673329C-A98F-469C-9074-0A49E17DDDA7}"
EndProject
Global
	GlobalSection(SolutionConfigurationPlatforms) = preSolution
		Debug|x64 = Debug|x64
		Debug|x86 = Debug|x86
		Release|x64 = Release|x64
		Release|x86 = Release|x86
	EndGlobalSection
	GlobalSection(ProjectConfigurationPlatforms) = postSolution
		{0673329C-A98F-469C-9074-0A49E17DDDA7}.Debug|x64.ActiveCfg = Debug|x64
		{0673329C-A98F-469C-9074-0A49E17DDDA7}.Debug|x64.Build.0 = Debug|x64
		{0673329C-A98F-469C-9074-0A49E17DDDA7}.Debug|x86.ActiveCfg = Debug|Win32
		{0673329C-A98F-469C-9074-0A49E17DDDA7}.Debug|x86.Build.0 = Debug|Win32
		{0673329C-A98F-469C-9074-0A49E17DDDA7}.Release|x64.ActiveCfg = Release|x64
		{0673329C-A98F-469C-9074-0A49E17DDDA7}.Release|x64.Build.0 = Release|x64
		{0673329C-A98F-469C-9074-0A49E17DDDA7}.Release|x86.ActiveCfg = Release|Win32
		{0673329C-A98F-469C-9074-0A49E17DDDA7}.Release|x86.Build.0 = Release|Win32
	EndGlobalSection
	GlobalSection(SolutionProperties) = preSolution
		HideSolutionNode = FALSE
	EndGlobalSection
	GlobalSection(ExtensibilityGlobals) = postSolution
		SolutionGuid = {87092C27-5C89-49E7-8234-56D053B8F54D}
	EndGlobalSection
EndGlobal
