<?xml version="1.0" encoding="utf-8"?>
<Project ToolsVersion="4.0" xmlns="http://schemas.microsoft.com/developer/msbuild/2003">
  <ItemGroup>
    <Filter Include="ソース ファイル">
      <UniqueIdentifier>{4FC737F1-C7A5-4376-A066-2A32D752A2FF}</UniqueIdentifier>
      <Extensions>cpp;c;cc;cxx;c++;cppm;ixx;def;odl;idl;hpj;bat;asm;asmx</Extensions>
    </Filter>
    <Filter Include="ヘッダー ファイル">
      <UniqueIdentifier>{93995380-89BD-4b04-88EB-625FBE52EBFB}</UniqueIdentifier>
      <Extensions>h;hh;hpp;hxx;h++;hm;inl;inc;ipp;xsd</Extensions>
    </Filter>
    <Filter Include="リソース ファイル">
      <UniqueIdentifier>{67DA6AB6-F800-4c08-8B7A-83BB121AAD01}</UniqueIdentifier>
      <Extensions>rc;ico;cur;bmp;dlg;rc2;rct;bin;rgs;gif;jpg;jpeg;jpe;resx;tiff;tif;png;wav;mfcribbon-ms</Extensions>
    </Filter>
    <Filter Include="shader">
      <UniqueIdentifier>{59ed95c2-0066-4a7b-901f-6d7bbaf6960b}</UniqueIdentifier>
    </Filter>
    <Filter Include="BehaviorTree">
      <UniqueIdentifier>{7b0e87b2-5c8a-4a46-9602-0a55c83f54ae}</UniqueIdentifier>
    </Filter>
    <Filter Include="ソース ファイル\UI">
      <UniqueIdentifier>{a905b10e-a330-47a6-8c5b-40bb9b920b73}</UniqueIdentifier>
    </Filter>
    <Filter Include="ヘッダー ファイル\UIHedder">
      <UniqueIdentifier>{2a9ccefd-ded0-4a49-a48f-568f4f529fed}</UniqueIdentifier>
    </Filter>
    <Filter Include="ヘッダー ファイル\EffectHedder">
      <UniqueIdentifier>{24c83bd3-f7ff-4691-862d-f7492136eb77}</UniqueIdentifier>
    </Filter>
    <Filter Include="ソース ファイル\Effect">
      <UniqueIdentifier>{2a3177fd-4a6c-49cd-bb58-28603edf7654}</UniqueIdentifier>
    </Filter>
    <Filter Include="ソース ファイル\Title">
      <UniqueIdentifier>{d6afe963-0177-4720-b87f-f29aae4ea6b1}</UniqueIdentifier>
    </Filter>
    <Filter Include="ヘッダー ファイル\TitleHedder">
      <UniqueIdentifier>{088808c0-00d9-445b-b635-de375d856e7c}</UniqueIdentifier>
    </Filter>
    <Filter Include="ソース ファイル\Blocks">
      <UniqueIdentifier>{5e9c2db5-c73b-469d-a06d-ce3c824b660f}</UniqueIdentifier>
    </Filter>
    <Filter Include="ソース ファイル\Manager">
      <UniqueIdentifier>{4bd2d42a-2027-4e04-a191-283ac2cc404d}</UniqueIdentifier>
    </Filter>
    <Filter Include="ソース ファイル\Scene">
      <UniqueIdentifier>{ca9481d3-6739-44c1-a48a-5fac674c3078}</UniqueIdentifier>
    </Filter>
    <Filter Include="ソース ファイル\Objects">
      <UniqueIdentifier>{1ce50122-b024-4adc-9b39-64c0a951a70f}</UniqueIdentifier>
    </Filter>
    <Filter Include="ヘッダー ファイル\ObjectsHedder">
      <UniqueIdentifier>{2bf04e40-2a20-45f8-94bf-e312ca069cf4}</UniqueIdentifier>
    </Filter>
    <Filter Include="ヘッダー ファイル\SceneHedder">
      <UniqueIdentifier>{53baf88f-b222-43de-9b96-f946ede52c4f}</UniqueIdentifier>
    </Filter>
    <Filter Include="ヘッダー ファイル\ManagerHedder">
      <UniqueIdentifier>{9053bf6f-156a-45f2-ad98-eb10cdd7ea65}</UniqueIdentifier>
    </Filter>
    <Filter Include="ヘッダー ファイル\BlocksHedder">
      <UniqueIdentifier>{999bc9f6-d4c5-4279-a520-2665b9c1a5a4}</UniqueIdentifier>
    </Filter>
  </ItemGroup>
  <ItemGroup>
    <ClInclude Include="targetver.h">
      <Filter>ヘッダー ファイル</Filter>
    </ClInclude>
    <ClInclude Include="GM31_shokika.h">
      <Filter>ヘッダー ファイル</Filter>
    </ClInclude>
    <ClInclude Include="BehaviorTree\behaviorNode.h">
      <Filter>BehaviorTree</Filter>
    </ClInclude>
    <ClInclude Include="BehaviorTree\actionNode.h">
      <Filter>BehaviorTree</Filter>
    </ClInclude>
    <ClInclude Include="BehaviorTree\compositeNode.h">
      <Filter>BehaviorTree</Filter>
    </ClInclude>
    <ClInclude Include="BehaviorTree\conditionNode.h">
      <Filter>BehaviorTree</Filter>
    </ClInclude>
    <ClInclude Include="BehaviorTree\selectorNode.h">
      <Filter>BehaviorTree</Filter>
    </ClInclude>
    <ClInclude Include="BehaviorTree\sequenceNode.h">
      <Filter>BehaviorTree</Filter>
    </ClInclude>
    <ClInclude Include="UI_PlayerState.h">
      <Filter>ヘッダー ファイル\UIHedder</Filter>
    </ClInclude>
    <ClInclude Include="UI_StartButton.h">
      <Filter>ヘッダー ファイル\UIHedder</Filter>
    </ClInclude>
    <ClInclude Include="UI.h">
      <Filter>ヘッダー ファイル\UIHedder</Filter>
    </ClInclude>
    <ClInclude Include="Effect.h">
      <Filter>ヘッダー ファイル\EffectHedder</Filter>
    </ClInclude>
    <ClInclude Include="click_ColorCircle.h">
      <Filter>ヘッダー ファイル\EffectHedder</Filter>
    </ClInclude>
    <ClInclude Include="title.h">
      <Filter>ヘッダー ファイル\TitleHedder</Filter>
    </ClInclude>
    <ClInclude Include="title_BreakableBox.h">
      <Filter>ヘッダー ファイル\TitleHedder</Filter>
    </ClInclude>
    <ClInclude Include="particle_touch.h">
      <Filter>ヘッダー ファイル\TitleHedder</Filter>
    </ClInclude>
    <ClInclude Include="title_Cursor.h">
      <Filter>ヘッダー ファイル\TitleHedder</Filter>
    </ClInclude>
    <ClInclude Include="boxBreakEffect.h">
      <Filter>ヘッダー ファイル\EffectHedder</Filter>
    </ClInclude>
    <ClInclude Include="backGround.h">
      <Filter>ヘッダー ファイル\SceneHedder</Filter>
    </ClInclude>
    <ClInclude Include="fade.h">
      <Filter>ヘッダー ファイル\SceneHedder</Filter>
    </ClInclude>
    <ClInclude Include="game.h">
      <Filter>ヘッダー ファイル\SceneHedder</Filter>
    </ClInclude>
    <ClInclude Include="gameOver.h">
      <Filter>ヘッダー ファイル\SceneHedder</Filter>
    </ClInclude>
    <ClInclude Include="map.h">
      <Filter>ヘッダー ファイル\SceneHedder</Filter>
    </ClInclude>
    <ClInclude Include="box.h">
      <Filter>ヘッダー ファイル\BlocksHedder</Filter>
    </ClInclude>
    <ClInclude Include="breakableBox.h">
      <Filter>ヘッダー ファイル\BlocksHedder</Filter>
    </ClInclude>
    <ClInclude Include="untouchableBox.h">
      <Filter>ヘッダー ファイル\BlocksHedder</Filter>
    </ClInclude>
    <ClInclude Include="collision.h">
      <Filter>ヘッダー ファイル\ManagerHedder</Filter>
    </ClInclude>
    <ClInclude Include="component.h">
      <Filter>ヘッダー ファイル\ManagerHedder</Filter>
    </ClInclude>
    <ClInclude Include="framework.h">
      <Filter>ヘッダー ファイル\ManagerHedder</Filter>
    </ClInclude>
    <ClInclude Include="gameObject.h">
      <Filter>ヘッダー ファイル\ManagerHedder</Filter>
    </ClInclude>
    <ClInclude Include="input.h">
      <Filter>ヘッダー ファイル\ManagerHedder</Filter>
    </ClInclude>
    <ClInclude Include="main.h">
      <Filter>ヘッダー ファイル\ManagerHedder</Filter>
    </ClInclude>
    <ClInclude Include="manager.h">
      <Filter>ヘッダー ファイル\ManagerHedder</Filter>
    </ClInclude>
    <ClInclude Include="modelRenderer.h">
      <Filter>ヘッダー ファイル\ManagerHedder</Filter>
    </ClInclude>
    <ClInclude Include="polygon.h">
      <Filter>ヘッダー ファイル\ManagerHedder</Filter>
    </ClInclude>
    <ClInclude Include="random.h">
      <Filter>ヘッダー ファイル\ManagerHedder</Filter>
    </ClInclude>
    <ClInclude Include="renderer.h">
      <Filter>ヘッダー ファイル\ManagerHedder</Filter>
    </ClInclude>
    <ClInclude Include="Resource.h">
      <Filter>ヘッダー ファイル\ManagerHedder</Filter>
    </ClInclude>
    <ClInclude Include="save.h">
      <Filter>ヘッダー ファイル\ManagerHedder</Filter>
    </ClInclude>
    <ClInclude Include="sprite.h">
      <Filter>ヘッダー ファイル\ManagerHedder</Filter>
    </ClInclude>
    <ClInclude Include="Vector2.h">
      <Filter>ヘッダー ファイル\ManagerHedder</Filter>
    </ClInclude>
    <ClInclude Include="texture.h">
      <Filter>ヘッダー ファイル\ManagerHedder</Filter>
    </ClInclude>
    <ClInclude Include="Vector3.h">
      <Filter>ヘッダー ファイル\ManagerHedder</Filter>
    </ClInclude>
    <ClInclude Include="camera.h">
      <Filter>ヘッダー ファイル\ObjectsHedder</Filter>
    </ClInclude>
    <ClInclude Include="cursor.h">
      <Filter>ヘッダー ファイル\ObjectsHedder</Filter>
    </ClInclude>
    <ClInclude Include="enemy_Ground.h">
      <Filter>ヘッダー ファイル\ObjectsHedder</Filter>
    </ClInclude>
    <ClInclude Include="player.h">
      <Filter>ヘッダー ファイル\ObjectsHedder</Filter>
    </ClInclude>
    <ClInclude Include="spring.h">
      <Filter>ヘッダー ファイル\ObjectsHedder</Filter>
    </ClInclude>
    <ClInclude Include="springBoard.h">
      <Filter>ヘッダー ファイル\ObjectsHedder</Filter>
    </ClInclude>
    <ClInclude Include="springChain.h">
      <Filter>ヘッダー ファイル\ObjectsHedder</Filter>
    </ClInclude>
    <ClInclude Include="stageClear.h">
      <Filter>ヘッダー ファイル\SceneHedder</Filter>
    </ClInclude>
    <ClInclude Include="goal.h">
      <Filter>ヘッダー ファイル\ObjectsHedder</Filter>
    </ClInclude>
    <ClInclude Include="UI_PlayerTrailBar.h">
      <Filter>ヘッダー ファイル\UIHedder</Filter>
    </ClInclude>
    <ClInclude Include="stageSelect.h">
      <Filter>ヘッダー ファイル\SceneHedder</Filter>
    </ClInclude>
    <ClInclude Include="scene.h">
      <Filter>ヘッダー ファイル\SceneHedder</Filter>
    </ClInclude>
    <ClInclude Include="UI_Button.h">
      <Filter>ヘッダー ファイル\UIHedder</Filter>
    </ClInclude>
    <ClInclude Include="rule.h">
      <Filter>ヘッダー ファイル\SceneHedder</Filter>
    </ClInclude>
  </ItemGroup>
  <ItemGroup>
    <ResourceCompile Include="GM31_shokika.rc">
      <Filter>リソース ファイル</Filter>
    </ResourceCompile>
  </ItemGroup>
  <ItemGroup>
    <Image Include="small.ico">
      <Filter>リソース ファイル</Filter>
    </Image>
    <Image Include="GM31_shokika.ico">
      <Filter>リソース ファイル</Filter>
    </Image>
  </ItemGroup>
  <ItemGroup>
    <ClCompile Include="pch.cpp">
      <Filter>ソース ファイル</Filter>
    </ClCompile>
    <ClCompile Include="UI_PlayerState.cpp">
      <Filter>ソース ファイル\UI</Filter>
    </ClCompile>
    <ClCompile Include="UI_StartButton.cpp">
      <Filter>ソース ファイル\UI</Filter>
    </ClCompile>
    <ClCompile Include="click_ColorCircle.cpp">
      <Filter>ソース ファイル\Effect</Filter>
    </ClCompile>
    <ClCompile Include="title.cpp">
      <Filter>ソース ファイル\Title</Filter>
    </ClCompile>
    <ClCompile Include="title_BreakableBox.cpp">
      <Filter>ソース ファイル\Title</Filter>
    </ClCompile>
    <ClCompile Include="particle_touch.cpp">
      <Filter>ソース ファイル\Title</Filter>
    </ClCompile>
    <ClCompile Include="title_Cursor.cpp">
      <Filter>ソース ファイル\Title</Filter>
    </ClCompile>
    <ClCompile Include="boxBreakEffect.cpp">
      <Filter>ソース ファイル\Effect</Filter>
    </ClCompile>
    <ClCompile Include="box.cpp">
      <Filter>ソース ファイル\Blocks</Filter>
    </ClCompile>
    <ClCompile Include="breakableBox.cpp">
      <Filter>ソース ファイル\Blocks</Filter>
    </ClCompile>
    <ClCompile Include="untouchableBox.cpp">
      <Filter>ソース ファイル\Blocks</Filter>
    </ClCompile>
    <ClCompile Include="camera.cpp">
      <Filter>ソース ファイル\Objects</Filter>
    </ClCompile>
    <ClCompile Include="collision.cpp">
      <Filter>ソース ファイル\Manager</Filter>
    </ClCompile>
    <ClCompile Include="backGround.cpp">
      <Filter>ソース ファイル\Scene</Filter>
    </ClCompile>
    <ClCompile Include="cursor.cpp">
      <Filter>ソース ファイル\Objects</Filter>
    </ClCompile>
    <ClCompile Include="UI_PlayerTrailBar.cpp">
      <Filter>ソース ファイル\UI</Filter>
    </ClCompile>
    <ClCompile Include="fade.cpp">
      <Filter>ソース ファイル\Scene</Filter>
    </ClCompile>
    <ClCompile Include="gameOver.cpp">
      <Filter>ソース ファイル\Scene</Filter>
    </ClCompile>
    <ClCompile Include="game.cpp">
      <Filter>ソース ファイル\Scene</Filter>
    </ClCompile>
    <ClCompile Include="input.cpp">
      <Filter>ソース ファイル\Manager</Filter>
    </ClCompile>
    <ClCompile Include="texture.cpp">
      <Filter>ソース ファイル\Manager</Filter>
    </ClCompile>
    <ClCompile Include="sprite.cpp">
      <Filter>ソース ファイル\Manager</Filter>
    </ClCompile>
    <ClCompile Include="save.cpp">
      <Filter>ソース ファイル\Manager</Filter>
    </ClCompile>
    <ClCompile Include="renderer.cpp">
      <Filter>ソース ファイル\Manager</Filter>
    </ClCompile>
    <ClCompile Include="polygon.cpp">
      <Filter>ソース ファイル\Manager</Filter>
    </ClCompile>
    <ClCompile Include="manager.cpp">
      <Filter>ソース ファイル\Manager</Filter>
    </ClCompile>
    <ClCompile Include="main.cpp">
      <Filter>ソース ファイル\Manager</Filter>
    </ClCompile>
    <ClCompile Include="stageClear.cpp">
      <Filter>ソース ファイル\Scene</Filter>
    </ClCompile>
    <ClCompile Include="scene.cpp">
      <Filter>ソース ファイル\Scene</Filter>
    </ClCompile>
    <ClCompile Include="map.cpp">
      <Filter>ソース ファイル\Scene</Filter>
    </ClCompile>
    <ClCompile Include="modelRenderer.cpp">
      <Filter>ソース ファイル\Manager</Filter>
    </ClCompile>
    <ClCompile Include="springChain.cpp">
      <Filter>ソース ファイル\Objects</Filter>
    </ClCompile>
    <ClCompile Include="springBoard.cpp">
      <Filter>ソース ファイル\Objects</Filter>
    </ClCompile>
    <ClCompile Include="spring.cpp">
      <Filter>ソース ファイル\Objects</Filter>
    </ClCompile>
    <ClCompile Include="player.cpp">
      <Filter>ソース ファイル\Objects</Filter>
    </ClCompile>
    <ClCompile Include="enemy_Ground.cpp">
      <Filter>ソース ファイル\Objects</Filter>
    </ClCompile>
    <ClCompile Include="Vertex.h">
      <Filter>ヘッダー ファイル\ManagerHedder</Filter>
    </ClCompile>
    <ClCompile Include="stageSelect.cpp">
      <Filter>ソース ファイル\Scene</Filter>
    </ClCompile>
    <ClCompile Include="UI_Button.cpp">
      <Filter>ソース ファイル\UI</Filter>
    </ClCompile>
    <ClCompile Include="goal.cpp">
      <Filter>ソース ファイル\Objects</Filter>
    </ClCompile>
    <ClCompile Include="rule.cpp">
      <Filter>ソース ファイル\Scene</Filter>
    </ClCompile>
  </ItemGroup>
  <ItemGroup>
    <FxCompile Include="shader\unlitTexturePS.hlsl">
      <Filter>shader</Filter>
    </FxCompile>
    <FxCompile Include="shader\common.hlsl">
      <Filter>shader</Filter>
    </FxCompile>
    <FxCompile Include="shader\unlitTextureVS.hlsl">
      <Filter>shader</Filter>
    </FxCompile>
  </ItemGroup>
</Project>